
Microsoft Visual Studio Solution File, Format Version 12.00
# Visual Studio 15
VisualStudioVersion = 15.0.27004.2005
MinimumVisualStudioVersion = 10.0.40219.1
Project("{8BC9CEB8-8B4A-11D0-8D11-00A0C91BC942}") = "msgflo", "plugins\msgflo\msgflo.vcxproj", "{C65E3C0F-2A2D-40AD-8AAF-6EDA044F22B9}"
EndProject
Project("{8BC9CEB8-8B4A-11D0-8D11-00A0C91BC942}") = "midiplayer", "plugins\midiplayer\midiplayer.vcxproj", "{84171F5B-7BB4-4371-A444-F57969D05148}"
EndProject
Project("{FAE04EC0-301F-11D3-BF4B-00C04F79EFBC}") = "plugin_gateway", "..\uccnc-cpp-plugin\plugin_gateway\plugin_gateway.csproj", "{833AB583-1D7E-4A87-B28A-AF828B2948FF}"
EndProject
Global
	GlobalSection(SolutionConfigurationPlatforms) = preSolution
		Debug|x64 = Debug|x64
		Debug|x86 = Debug|x86
		Release|x64 = Release|x64
		Release|x86 = Release|x86
	EndGlobalSection
	GlobalSection(ProjectConfigurationPlatforms) = postSolution
		{C65E3C0F-2A2D-40AD-8AAF-6EDA044F22B9}.Debug|x64.ActiveCfg = Debug|Win32
		{C65E3C0F-2A2D-40AD-8AAF-6EDA044F22B9}.Debug|x64.Build.0 = Debug|Win32
		{C65E3C0F-2A2D-40AD-8AAF-6EDA044F22B9}.Debug|x86.ActiveCfg = Debug|Win32
		{C65E3C0F-2A2D-40AD-8AAF-6EDA044F22B9}.Debug|x86.Build.0 = Debug|Win32
		{C65E3C0F-2A2D-40AD-8AAF-6EDA044F22B9}.Release|x64.ActiveCfg = Release|Win32
		{C65E3C0F-2A2D-40AD-8AAF-6EDA044F22B9}.Release|x86.ActiveCfg = Release|Win32
		{C65E3C0F-2A2D-40AD-8AAF-6EDA044F22B9}.Release|x86.Build.0 = Release|Win32
		{84171F5B-7BB4-4371-A444-F57969D05148}.Debug|x64.ActiveCfg = Debug|Win32
		{84171F5B-7BB4-4371-A444-F57969D05148}.Debug|x64.Build.0 = Debug|Win32
		{84171F5B-7BB4-4371-A444-F57969D05148}.Debug|x86.ActiveCfg = Debug|Win32
		{84171F5B-7BB4-4371-A444-F57969D05148}.Debug|x86.Build.0 = Debug|Win32
		{84171F5B-7BB4-4371-A444-F57969D05148}.Release|x64.ActiveCfg = Release|Win32
		{84171F5B-7BB4-4371-A444-F57969D05148}.Release|x86.ActiveCfg = Release|Win32
		{84171F5B-7BB4-4371-A444-F57969D05148}.Release|x86.Build.0 = Release|Win32
		{833AB583-1D7E-4A87-B28A-AF828B2948FF}.Debug|x64.ActiveCfg = Debug|x86
		{833AB583-1D7E-4A87-B28A-AF828B2948FF}.Debug|x64.Build.0 = Debug|x86
		{833AB583-1D7E-4A87-B28A-AF828B2948FF}.Debug|x86.ActiveCfg = Debug|x86
		{833AB583-1D7E-4A87-B28A-AF828B2948FF}.Debug|x86.Build.0 = Debug|x86
		{833AB583-1D7E-4A87-B28A-AF828B2948FF}.Release|x64.ActiveCfg = Release|x86
		{833AB583-1D7E-4A87-B28A-AF828B2948FF}.Release|x86.ActiveCfg = Release|x86
		{833AB583-1D7E-4A87-B28A-AF828B2948FF}.Release|x86.Build.0 = Release|x86
	EndGlobalSection
	GlobalSection(SolutionProperties) = preSolution
		HideSolutionNode = FALSE
	EndGlobalSection
	GlobalSection(ExtensibilityGlobals) = postSolution
		SolutionGuid = {08594C2B-6155-4534-AFD7-A4A7CD0FFAD2}
	EndGlobalSection
EndGlobal
